
Microsoft Visual Studio Solution File, Format Version 12.00
# Visual Studio 15
VisualStudioVersion = 15.0.28307.1831
MinimumVisualStudioVersion = 10.0.40219.1
Project("{FAE04EC0-301F-11D3-BF4B-00C04F79EFBC}") = "WebApplication13", "WebApplication13\WebApplication13.csproj", "{6025F286-0BFE-478B-8090-D75976117B72}"
EndProject
Global
	GlobalSection(SolutionConfigurationPlatforms) = preSolution
		Debug|Any CPU = Debug|Any CPU
		Release|Any CPU = Release|Any CPU
	EndGlobalSection
	GlobalSection(ProjectConfigurationPlatforms) = postSolution
		{6025F286-0BFE-478B-8090-D75976117B72}.Debug|Any CPU.ActiveCfg = Debug|Any CPU
		{6025F286-0BFE-478B-8090-D75976117B72}.Debug|Any CPU.Build.0 = Debug|Any CPU
		{6025F286-0BFE-478B-8090-D75976117B72}.Release|Any CPU.ActiveCfg = Release|Any CPU
		{6025F286-0BFE-478B-8090-D75976117B72}.Release|Any CPU.Build.0 = Release|Any CPU
	EndGlobalSection
	GlobalSection(SolutionProperties) = preSolution
		HideSolutionNode = FALSE
	EndGlobalSection
	GlobalSection(ExtensibilityGlobals) = postSolution
		SolutionGuid = {0E3C1734-1F76-47DF-B510-462F2999035E}
	EndGlobalSection
EndGlobal
